
Microsoft Visual Studio Solution File, Format Version 12.00
# Visual Studio Version 17
VisualStudioVersion = 17.12.35527.113
MinimumVisualStudioVersion = 10.0.40219.1
Project("{FAE04EC0-301F-11D3-BF4B-00C04F79EFBC}") = "IdentityService", "IdentityService\IdentityService.csproj", "{B642FFE1-5995-4BD1-B020-184203DEED14}"
EndProject
Project("{FAE04EC0-301F-11D3-BF4B-00C04F79EFBC}") = "ApiGateway", "ApiGateway\ApiGateway.csproj", "{77C11D9F-1C4E-4B02-98BD-E159341BFF02}"
EndProject
Project("{FAE04EC0-301F-11D3-BF4B-00C04F79EFBC}") = "ContentService", "ContentService\ContentService.csproj", "{441C4D7A-397E-4C8A-98AA-EE3FFDED66D7}"
EndProject
Project("{FAE04EC0-301F-11D3-BF4B-00C04F79EFBC}") = "TransactionCore", "TransactionCore\TransactionCore.csproj", "{346C27E8-819B-4574-9712-4E5CFDC6C482}"
EndProject
Project("{FAE04EC0-301F-11D3-BF4B-00C04F79EFBC}") = "ContentService.Tests", "ContentService.Tests\ContentService.Tests.csproj", "{50E72603-DCD2-4D4E-AA39-01E129A220BA}"
EndProject
Global
	GlobalSection(SolutionConfigurationPlatforms) = preSolution
		Debug|Any CPU = Debug|Any CPU
		Release|Any CPU = Release|Any CPU
	EndGlobalSection
	GlobalSection(ProjectConfigurationPlatforms) = postSolution
		{B642FFE1-5995-4BD1-B020-184203DEED14}.Debug|Any CPU.ActiveCfg = Debug|Any CPU
		{B642FFE1-5995-4BD1-B020-184203DEED14}.Debug|Any CPU.Build.0 = Debug|Any CPU
		{B642FFE1-5995-4BD1-B020-184203DEED14}.Release|Any CPU.ActiveCfg = Release|Any CPU
		{B642FFE1-5995-4BD1-B020-184203DEED14}.Release|Any CPU.Build.0 = Release|Any CPU
		{77C11D9F-1C4E-4B02-98BD-E159341BFF02}.Debug|Any CPU.ActiveCfg = Debug|Any CPU
		{77C11D9F-1C4E-4B02-98BD-E159341BFF02}.Debug|Any CPU.Build.0 = Debug|Any CPU
		{77C11D9F-1C4E-4B02-98BD-E159341BFF02}.Release|Any CPU.ActiveCfg = Release|Any CPU
		{77C11D9F-1C4E-4B02-98BD-E159341BFF02}.Release|Any CPU.Build.0 = Release|Any CPU
		{441C4D7A-397E-4C8A-98AA-EE3FFDED66D7}.Debug|Any CPU.ActiveCfg = Debug|Any CPU
		{441C4D7A-397E-4C8A-98AA-EE3FFDED66D7}.Debug|Any CPU.Build.0 = Debug|Any CPU
		{441C4D7A-397E-4C8A-98AA-EE3FFDED66D7}.Release|Any CPU.ActiveCfg = Release|Any CPU
		{441C4D7A-397E-4C8A-98AA-EE3FFDED66D7}.Release|Any CPU.Build.0 = Release|Any CPU
		{346C27E8-819B-4574-9712-4E5CFDC6C482}.Debug|Any CPU.ActiveCfg = Debug|Any CPU
		{346C27E8-819B-4574-9712-4E5CFDC6C482}.Debug|Any CPU.Build.0 = Debug|Any CPU
		{346C27E8-819B-4574-9712-4E5CFDC6C482}.Release|Any CPU.ActiveCfg = Release|Any CPU
		{346C27E8-819B-4574-9712-4E5CFDC6C482}.Release|Any CPU.Build.0 = Release|Any CPU
		{50E72603-DCD2-4D4E-AA39-01E129A220BA}.Debug|Any CPU.ActiveCfg = Debug|Any CPU
		{50E72603-DCD2-4D4E-AA39-01E129A220BA}.Debug|Any CPU.Build.0 = Debug|Any CPU
		{50E72603-DCD2-4D4E-AA39-01E129A220BA}.Release|Any CPU.ActiveCfg = Release|Any CPU
		{50E72603-DCD2-4D4E-AA39-01E129A220BA}.Release|Any CPU.Build.0 = Release|Any CPU
	EndGlobalSection
	GlobalSection(SolutionProperties) = preSolution
		HideSolutionNode = FALSE
	EndGlobalSection
EndGlobal
